
Microsoft Visual Studio Solution File, Format Version 12.00
# Visual Studio Version 17
VisualStudioVersion = 17.14.36518.9
MinimumVisualStudioVersion = 10.0.40219.1
Project("{FAE04EC0-301F-11D3-BF4B-00C04F79EFBC}") = "unit converter", "unit converter\unit converter.csproj", "{BF4D6A0F-3ABD-4807-94AE-871BC29E15AF}"
EndProject
Global
	GlobalSection(SolutionConfigurationPlatforms) = preSolution
		Debug|Any CPU = Debug|Any CPU
		Release|Any CPU = Release|Any CPU
	EndGlobalSection
	GlobalSection(ProjectConfigurationPlatforms) = postSolution
		{BF4D6A0F-3ABD-4807-94AE-871BC29E15AF}.Debug|Any CPU.ActiveCfg = Debug|Any CPU
		{BF4D6A0F-3ABD-4807-94AE-871BC29E15AF}.Debug|Any CPU.Build.0 = Debug|Any CPU
		{BF4D6A0F-3ABD-4807-94AE-871BC29E15AF}.Release|Any CPU.ActiveCfg = Release|Any CPU
		{BF4D6A0F-3ABD-4807-94AE-871BC29E15AF}.Release|Any CPU.Build.0 = Release|Any CPU
	EndGlobalSection
	GlobalSection(SolutionProperties) = preSolution
		HideSolutionNode = FALSE
	EndGlobalSection
	GlobalSection(ExtensibilityGlobals) = postSolution
		SolutionGuid = {69DBA15E-8416-4974-B765-E49034F87272}
	EndGlobalSection
EndGlobal
